
Microsoft Visual Studio Solution File, Format Version 12.00
# Visual Studio Version 17
VisualStudioVersion = 17.11.35303.130
MinimumVisualStudioVersion = 10.0.40219.1
Project("{FAE04EC0-301F-11D3-BF4B-00C04F79EFBC}") = "De02", "De02\De02.csproj", "{F5D56240-4673-414D-BA8A-7D34F3B72AFD}"
EndProject
Project("{FAE04EC0-301F-11D3-BF4B-00C04F79EFBC}") = "BUS", "BUS\BUS.csproj", "{9659D177-65DE-4B1D-B873-3A5374830A2A}"
EndProject
Project("{FAE04EC0-301F-11D3-BF4B-00C04F79EFBC}") = "DAL", "DAL\DAL.csproj", "{3E962795-894D-4554-BDF7-01B467C2DEFE}"
EndProject
Global
	GlobalSection(SolutionConfigurationPlatforms) = preSolution
		Debug|Any CPU = Debug|Any CPU
		Release|Any CPU = Release|Any CPU
	EndGlobalSection
	GlobalSection(ProjectConfigurationPlatforms) = postSolution
		{F5D56240-4673-414D-BA8A-7D34F3B72AFD}.Debug|Any CPU.ActiveCfg = Debug|Any CPU
		{F5D56240-4673-414D-BA8A-7D34F3B72AFD}.Debug|Any CPU.Build.0 = Debug|Any CPU
		{F5D56240-4673-414D-BA8A-7D34F3B72AFD}.Release|Any CPU.ActiveCfg = Release|Any CPU
		{F5D56240-4673-414D-BA8A-7D34F3B72AFD}.Release|Any CPU.Build.0 = Release|Any CPU
		{9659D177-65DE-4B1D-B873-3A5374830A2A}.Debug|Any CPU.ActiveCfg = Debug|Any CPU
		{9659D177-65DE-4B1D-B873-3A5374830A2A}.Debug|Any CPU.Build.0 = Debug|Any CPU
		{9659D177-65DE-4B1D-B873-3A5374830A2A}.Release|Any CPU.ActiveCfg = Release|Any CPU
		{9659D177-65DE-4B1D-B873-3A5374830A2A}.Release|Any CPU.Build.0 = Release|Any CPU
		{3E962795-894D-4554-BDF7-01B467C2DEFE}.Debug|Any CPU.ActiveCfg = Debug|Any CPU
		{3E962795-894D-4554-BDF7-01B467C2DEFE}.Debug|Any CPU.Build.0 = Debug|Any CPU
		{3E962795-894D-4554-BDF7-01B467C2DEFE}.Release|Any CPU.ActiveCfg = Release|Any CPU
		{3E962795-894D-4554-BDF7-01B467C2DEFE}.Release|Any CPU.Build.0 = Release|Any CPU
	EndGlobalSection
	GlobalSection(SolutionProperties) = preSolution
		HideSolutionNode = FALSE
	EndGlobalSection
	GlobalSection(ExtensibilityGlobals) = postSolution
		SolutionGuid = {33136BB5-8D98-419F-9605-327FD2697E29}
	EndGlobalSection
EndGlobal
